
Microsoft Visual Studio Solution File, Format Version 12.00
# Visual Studio Version 16
VisualStudioVersion = 16.0.30804.86
MinimumVisualStudioVersion = 10.0.40219.1
Project("{9A19103F-16F7-4668-BE54-9A1E7A4F7556}") = "CodeFactoryAPI", "CodeFactoryAPI\CodeFactoryAPI.csproj", "{63204EB8-50D1-401F-836F-30C445745CDC}"
EndProject
Project("{9A19103F-16F7-4668-BE54-9A1E7A4F7556}") = "CodeFactoryWeb", "CodeFactoryWeb\CodeFactoryWeb.csproj", "{BC75E077-B6A6-4316-92F4-3253222C1012}"
EndProject
Global
	GlobalSection(SolutionConfigurationPlatforms) = preSolution
		Debug|Any CPU = Debug|Any CPU
		Release|Any CPU = Release|Any CPU
	EndGlobalSection
	GlobalSection(ProjectConfigurationPlatforms) = postSolution
		{63204EB8-50D1-401F-836F-30C445745CDC}.Debug|Any CPU.ActiveCfg = Debug|Any CPU
		{63204EB8-50D1-401F-836F-30C445745CDC}.Debug|Any CPU.Build.0 = Debug|Any CPU
		{63204EB8-50D1-401F-836F-30C445745CDC}.Release|Any CPU.ActiveCfg = Release|Any CPU
		{63204EB8-50D1-401F-836F-30C445745CDC}.Release|Any CPU.Build.0 = Release|Any CPU
		{BC75E077-B6A6-4316-92F4-3253222C1012}.Debug|Any CPU.ActiveCfg = Debug|Any CPU
		{BC75E077-B6A6-4316-92F4-3253222C1012}.Debug|Any CPU.Build.0 = Debug|Any CPU
		{BC75E077-B6A6-4316-92F4-3253222C1012}.Release|Any CPU.ActiveCfg = Release|Any CPU
		{BC75E077-B6A6-4316-92F4-3253222C1012}.Release|Any CPU.Build.0 = Release|Any CPU
	EndGlobalSection
	GlobalSection(SolutionProperties) = preSolution
		HideSolutionNode = FALSE
	EndGlobalSection
	GlobalSection(ExtensibilityGlobals) = postSolution
		SolutionGuid = {FAFBBF78-5807-4290-8151-B8BB1AE3D188}
	EndGlobalSection
EndGlobal
